// !$*UTF8*$!
{
	archiveVersion = 1;
	classes = {
	};
	objectVersion = 50;
	objects = {

/* Begin PBXBuildFile section */
		28DAEB2125999515007E7D6A /* AppDelegate.m in Sources */ = {isa = PBXBuildFile; fileRef = 28DAEB2025999515007E7D6A /* AppDelegate.m */; };
		28DAEB2425999515007E7D6A /* SceneDelegate.m in Sources */ = {isa = PBXBuildFile; fileRef = 28DAEB2325999515007E7D6A /* SceneDelegate.m */; };
		28DAEB2725999515007E7D6A /* ViewController.m in Sources */ = {isa = PBXBuildFile; fileRef = 28DAEB2625999515007E7D6A /* ViewController.m */; };
		28DAEB2A25999515007E7D6A /* Main.storyboard in Resources */ = {isa = PBXBuildFile; fileRef = 28DAEB2825999515007E7D6A /* Main.storyboard */; };
		28DAEB2C25999516007E7D6A /* Assets.xcassets in Resources */ = {isa = PBXBuildFile; fileRef = 28DAEB2B25999516007E7D6A /* Assets.xcassets */; };
		28DAEB2F25999516007E7D6A /* LaunchScreen.storyboard in Resources */ = {isa = PBXBuildFile; fileRef = 28DAEB2D25999516007E7D6A /* LaunchScreen.storyboard */; };
		28DAEB3225999516007E7D6A /* main.m in Sources */ = {isa = PBXBuildFile; fileRef = 28DAEB3125999516007E7D6A /* main.m */; };
		28DAEB3C25999516007E7D6A /* UIViewDemoTests.m in Sources */ = {isa = PBXBuildFile; fileRef = 28DAEB3B25999516007E7D6A /* UIViewDemoTests.m */; };
		28DAEB4725999516007E7D6A /* UIViewDemoUITests.m in Sources */ = {isa = PBXBuildFile; fileRef = 28DAEB4625999516007E7D6A /* UIViewDemoUITests.m */; };
		28DAEB5925999B4D007E7D6A /* UILabelVC.m in Sources */ = {isa = PBXBuildFile; fileRef = 28DAEB5825999B4D007E7D6A /* UILabelVC.m */; };
		28DAEB5F2599CD6F007E7D6A /* UIPickerViewVC.m in Sources */ = {isa = PBXBuildFile; fileRef = 28DAEB5E2599CD6F007E7D6A /* UIPickerViewVC.m */; };
		28DAEB6E259AD68A007E7D6A /* UISlider_UIProgressView_VC.m in Sources */ = {isa = PBXBuildFile; fileRef = 28DAEB6D259AD68A007E7D6A /* UISlider_UIProgressView_VC.m */; };
		28DAEB74259AE372007E7D6A /* UIAlertAction_UIActivityIndicatorVC.m in Sources */ = {isa = PBXBuildFile; fileRef = 28DAEB73259AE372007E7D6A /* UIAlertAction_UIActivityIndicatorVC.m */; };
/* End PBXBuildFile section */

/* Begin PBXContainerItemProxy section */
		28DAEB3825999516007E7D6A /* PBXContainerItemProxy */ = {
			isa = PBXContainerItemProxy;
			containerPortal = 28DAEB1425999515007E7D6A /* Project object */;
			proxyType = 1;
			remoteGlobalIDString = 28DAEB1B25999515007E7D6A;
			remoteInfo = UIViewDemo;
		};
		28DAEB4325999516007E7D6A /* PBXContainerItemProxy */ = {
			isa = PBXContainerItemProxy;
			containerPortal = 28DAEB1425999515007E7D6A /* Project object */;
			proxyType = 1;
			remoteGlobalIDString = 28DAEB1B25999515007E7D6A;
			remoteInfo = UIViewDemo;
		};
/* End PBXContainerItemProxy section */

/* Begin PBXFileReference section */
		28DAEB1C25999515007E7D6A /* UIViewDemo.app */ = {isa = PBXFileReference; explicitFileType = wrapper.application; includeInIndex = 0; path = UIViewDemo.app; sourceTree = BUILT_PRODUCTS_DIR; };
		28DAEB1F25999515007E7D6A /* AppDelegate.h */ = {isa = PBXFileReference; lastKnownFileType = sourcecode.c.h; path = AppDelegate.h; sourceTree = "<group>"; };
		28DAEB2025999515007E7D6A /* AppDelegate.m */ = {isa = PBXFileReference; lastKnownFileType = sourcecode.c.objc; path = AppDelegate.m; sourceTree = "<group>"; };
		28DAEB2225999515007E7D6A /* SceneDelegate.h */ = {isa = PBXFileReference; lastKnownFileType = sourcecode.c.h; path = SceneDelegate.h; sourceTree = "<group>"; };
		28DAEB2325999515007E7D6A /* SceneDelegate.m */ = {isa = PBXFileReference; lastKnownFileType = sourcecode.c.objc; path = SceneDelegate.m; sourceTree = "<group>"; };
		28DAEB2525999515007E7D6A /* ViewController.h */ = {isa = PBXFileReference; lastKnownFileType = sourcecode.c.h; path = ViewController.h; sourceTree = "<group>"; };
		28DAEB2625999515007E7D6A /* ViewController.m */ = {isa = PBXFileReference; lastKnownFileType = sourcecode.c.objc; path = ViewController.m; sourceTree = "<group>"; };
		28DAEB2925999515007E7D6A /* Base */ = {isa = PBXFileReference; lastKnownFileType = file.storyboard; name = Base; path = Base.lproj/Main.storyboard; sourceTree = "<group>"; };
		28DAEB2B25999516007E7D6A /* Assets.xcassets */ = {isa = PBXFileReference; lastKnownFileType = folder.assetcatalog; path = Assets.xcassets; sourceTree = "<group>"; };
		28DAEB2E25999516007E7D6A /* Base */ = {isa = PBXFileReference; lastKnownFileType = file.storyboard; name = Base; path = Base.lproj/LaunchScreen.storyboard; sourceTree = "<group>"; };
		28DAEB3025999516007E7D6A /* Info.plist */ = {isa = PBXFileReference; lastKnownFileType = text.plist.xml; path = Info.plist; sourceTree = "<group>"; };
		28DAEB3125999516007E7D6A /* main.m */ = {isa = PBXFileReference; lastKnownFileType = sourcecode.c.objc; path = main.m; sourceTree = "<group>"; };
		28DAEB3725999516007E7D6A /* UIViewDemoTests.xctest */ = {isa = PBXFileReference; explicitFileType = wrapper.cfbundle; includeInIndex = 0; path = UIViewDemoTests.xctest; sourceTree = BUILT_PRODUCTS_DIR; };
		28DAEB3B25999516007E7D6A /* UIViewDemoTests.m */ = {isa = PBXFileReference; lastKnownFileType = sourcecode.c.objc; path = UIViewDemoTests.m; sourceTree = "<group>"; };
		28DAEB3D25999516007E7D6A /* Info.plist */ = {isa = PBXFileReference; lastKnownFileType = text.plist.xml; path = Info.plist; sourceTree = "<group>"; };
		28DAEB4225999516007E7D6A /* UIViewDemoUITests.xctest */ = {isa = PBXFileReference; explicitFileType = wrapper.cfbundle; includeInIndex = 0; path = UIViewDemoUITests.xctest; sourceTree = BUILT_PRODUCTS_DIR; };
		28DAEB4625999516007E7D6A /* UIViewDemoUITests.m */ = {isa = PBXFileReference; lastKnownFileType = sourcecode.c.objc; path = UIViewDemoUITests.m; sourceTree = "<group>"; };
		28DAEB4825999516007E7D6A /* Info.plist */ = {isa = PBXFileReference; lastKnownFileType = text.plist.xml; path = Info.plist; sourceTree = "<group>"; };
		28DAEB5725999B4D007E7D6A /* UILabelVC.h */ = {isa = PBXFileReference; lastKnownFileType = sourcecode.c.h; path = UILabelVC.h; sourceTree = "<group>"; };
		28DAEB5825999B4D007E7D6A /* UILabelVC.m */ = {isa = PBXFileReference; lastKnownFileType = sourcecode.c.objc; path = UILabelVC.m; sourceTree = "<group>"; };
		28DAEB5D2599CD6F007E7D6A /* UIPickerViewVC.h */ = {isa = PBXFileReference; lastKnownFileType = sourcecode.c.h; path = UIPickerViewVC.h; sourceTree = "<group>"; };
		28DAEB5E2599CD6F007E7D6A /* UIPickerViewVC.m */ = {isa = PBXFileReference; lastKnownFileType = sourcecode.c.objc; path = UIPickerViewVC.m; sourceTree = "<group>"; };
		28DAEB6C259AD68A007E7D6A /* UISlider_UIProgressView_VC.h */ = {isa = PBXFileReference; lastKnownFileType = sourcecode.c.h; path = UISlider_UIProgressView_VC.h; sourceTree = "<group>"; };
		28DAEB6D259AD68A007E7D6A /* UISlider_UIProgressView_VC.m */ = {isa = PBXFileReference; lastKnownFileType = sourcecode.c.objc; path = UISlider_UIProgressView_VC.m; sourceTree = "<group>"; };
		28DAEB72259AE372007E7D6A /* UIAlertAction_UIActivityIndicatorVC.h */ = {isa = PBXFileReference; lastKnownFileType = sourcecode.c.h; path = UIAlertAction_UIActivityIndicatorVC.h; sourceTree = "<group>"; };
		28DAEB73259AE372007E7D6A /* UIAlertAction_UIActivityIndicatorVC.m */ = {isa = PBXFileReference; lastKnownFileType = sourcecode.c.objc; path = UIAlertAction_UIActivityIndicatorVC.m; sourceTree = "<group>"; };
/* End PBXFileReference section */

/* Begin PBXFrameworksBuildPhase section */
		28DAEB1925999515007E7D6A /* Frameworks */ = {
			isa = PBXFrameworksBuildPhase;
			buildActionMask = 2147483647;
			files = (
			);
			runOnlyForDeploymentPostprocessing = 0;
		};
		28DAEB3425999516007E7D6A /* Frameworks */ = {
			isa = PBXFrameworksBuildPhase;
			buildActionMask = 2147483647;
			files = (
			);
			runOnlyForDeploymentPostprocessing = 0;
		};
		28DAEB3F25999516007E7D6A /* Frameworks */ = {
			isa = PBXFrameworksBuildPhase;
			buildActionMask = 2147483647;
			files = (
			);
			runOnlyForDeploymentPostprocessing = 0;
		};
/* End PBXFrameworksBuildPhase section */

/* Begin PBXGroup section */
		28DAEB1325999515007E7D6A = {
			isa = PBXGroup;
			children = (
				28DAEB1E25999515007E7D6A /* UIViewDemo */,
				28DAEB3A25999516007E7D6A /* UIViewDemoTests */,
				28DAEB4525999516007E7D6A /* UIViewDemoUITests */,
				28DAEB1D25999515007E7D6A /* Products */,
			);
			sourceTree = "<group>";
		};
		28DAEB1D25999515007E7D6A /* Products */ = {
			isa = PBXGroup;
			children = (
				28DAEB1C25999515007E7D6A /* UIViewDemo.app */,
				28DAEB3725999516007E7D6A /* UIViewDemoTests.xctest */,
				28DAEB4225999516007E7D6A /* UIViewDemoUITests.xctest */,
			);
			name = Products;
			sourceTree = "<group>";
		};
		28DAEB1E25999515007E7D6A /* UIViewDemo */ = {
			isa = PBXGroup;
			children = (
				28DAEB1F25999515007E7D6A /* AppDelegate.h */,
				28DAEB2025999515007E7D6A /* AppDelegate.m */,
				28DAEB2225999515007E7D6A /* SceneDelegate.h */,
				28DAEB2325999515007E7D6A /* SceneDelegate.m */,
				28DAEB2525999515007E7D6A /* ViewController.h */,
				28DAEB2625999515007E7D6A /* ViewController.m */,
				28DAEB5725999B4D007E7D6A /* UILabelVC.h */,
				28DAEB5825999B4D007E7D6A /* UILabelVC.m */,
				28DAEB5D2599CD6F007E7D6A /* UIPickerViewVC.h */,
				28DAEB5E2599CD6F007E7D6A /* UIPickerViewVC.m */,
				28DAEB6C259AD68A007E7D6A /* UISlider_UIProgressView_VC.h */,
				28DAEB6D259AD68A007E7D6A /* UISlider_UIProgressView_VC.m */,
				28DAEB72259AE372007E7D6A /* UIAlertAction_UIActivityIndicatorVC.h */,
				28DAEB73259AE372007E7D6A /* UIAlertAction_UIActivityIndicatorVC.m */,
				28DAEB2825999515007E7D6A /* Main.storyboard */,
				28DAEB2B25999516007E7D6A /* Assets.xcassets */,
				28DAEB2D25999516007E7D6A /* LaunchScreen.storyboard */,
				28DAEB3025999516007E7D6A /* Info.plist */,
				28DAEB3125999516007E7D6A /* main.m */,
			);
			path = UIViewDemo;
			sourceTree = "<group>";
		};
		28DAEB3A25999516007E7D6A /* UIViewDemoTests */ = {
			isa = PBXGroup;
			children = (
				28DAEB3B25999516007E7D6A /* UIViewDemoTests.m */,
				28DAEB3D25999516007E7D6A /* Info.plist */,
			);
			path = UIViewDemoTests;
			sourceTree = "<group>";
		};
		28DAEB4525999516007E7D6A /* UIViewDemoUITests */ = {
			isa = PBXGroup;
			children = (
				28DAEB4625999516007E7D6A /* UIViewDemoUITests.m */,
				28DAEB4825999516007E7D6A /* Info.plist */,
			);
			path = UIViewDemoUITests;
			sourceTree = "<group>";
		};
/* End PBXGroup section */

/* Begin PBXNativeTarget section */
		28DAEB1B25999515007E7D6A /* UIViewDemo */ = {
			isa = PBXNativeTarget;
			buildConfigurationList = 28DAEB4B25999516007E7D6A /* Build configuration list for PBXNativeTarget "UIViewDemo" */;
			buildPhases = (
				28DAEB1825999515007E7D6A /* Sources */,
				28DAEB1925999515007E7D6A /* Frameworks */,
				28DAEB1A25999515007E7D6A /* Resources */,
			);
			buildRules = (
			);
			dependencies = (
			);
			name = UIViewDemo;
			productName = UIViewDemo;
			productReference = 28DAEB1C25999515007E7D6A /* UIViewDemo.app */;
			productType = "com.apple.product-type.application";
		};
		28DAEB3625999516007E7D6A /* UIViewDemoTests */ = {
			isa = PBXNativeTarget;
			buildConfigurationList = 28DAEB4E25999516007E7D6A /* Build configuration list for PBXNativeTarget "UIViewDemoTests" */;
			buildPhases = (
				28DAEB3325999516007E7D6A /* Sources */,
				28DAEB3425999516007E7D6A /* Frameworks */,
				28DAEB3525999516007E7D6A /* Resources */,
			);
			buildRules = (
			);
			dependencies = (
				28DAEB3925999516007E7D6A /* PBXTargetDependency */,
			);
			name = UIViewDemoTests;
			productName = UIViewDemoTests;
			productReference = 28DAEB3725999516007E7D6A /* UIViewDemoTests.xctest */;
			productType = "com.apple.product-type.bundle.unit-test";
		};
		28DAEB4125999516007E7D6A /* UIViewDemoUITests */ = {
			isa = PBXNativeTarget;
			buildConfigurationList = 28DAEB5125999516007E7D6A /* Build configuration list for PBXNativeTarget "UIViewDemoUITests" */;
			buildPhases = (
				28DAEB3E25999516007E7D6A /* Sources */,
				28DAEB3F25999516007E7D6A /* Frameworks */,
				28DAEB4025999516007E7D6A /* Resources */,
			);
			buildRules = (
			);
			dependencies = (
				28DAEB4425999516007E7D6A /* PBXTargetDependency */,
			);
			name = UIViewDemoUITests;
			productName = UIViewDemoUITests;
			productReference = 28DAEB4225999516007E7D6A /* UIViewDemoUITests.xctest */;
			productType = "com.apple.product-type.bundle.ui-testing";
		};
/* End PBXNativeTarget section */

/* Begin PBXProject section */
		28DAEB1425999515007E7D6A /* Project object */ = {
			isa = PBXProject;
			attributes = {
				LastUpgradeCheck = 1230;
				TargetAttributes = {
					28DAEB1B25999515007E7D6A = {
						CreatedOnToolsVersion = 12.3;
					};
					28DAEB3625999516007E7D6A = {
						CreatedOnToolsVersion = 12.3;
						TestTargetID = 28DAEB1B25999515007E7D6A;
					};
					28DAEB4125999516007E7D6A = {
						CreatedOnToolsVersion = 12.3;
						TestTargetID = 28DAEB1B25999515007E7D6A;
					};
				};
			};
			buildConfigurationList = 28DAEB1725999515007E7D6A /* Build configuration list for PBXProject "UIViewDemo" */;
			compatibilityVersion = "Xcode 9.3";
			developmentRegion = en;
			hasScannedForEncodings = 0;
			knownRegions = (
				en,
				Base,
			);
			mainGroup = 28DAEB1325999515007E7D6A;
			productRefGroup = 28DAEB1D25999515007E7D6A /* Products */;
			projectDirPath = "";
			projectRoot = "";
			targets = (
				28DAEB1B25999515007E7D6A /* UIViewDemo */,
				28DAEB3625999516007E7D6A /* UIViewDemoTests */,
				28DAEB4125999516007E7D6A /* UIViewDemoUITests */,
			);
		};
/* End PBXProject section */

/* Begin PBXResourcesBuildPhase section */
		28DAEB1A25999515007E7D6A /* Resources */ = {
			isa = PBXResourcesBuildPhase;
			buildActionMask = 2147483647;
			files = (
				28DAEB2F25999516007E7D6A /* LaunchScreen.storyboard in Resources */,
				28DAEB2C25999516007E7D6A /* Assets.xcassets in Resources */,
				28DAEB2A25999515007E7D6A /* Main.storyboard in Resources */,
			);
			runOnlyForDeploymentPostprocessing = 0;
		};
		28DAEB3525999516007E7D6A /* Resources */ = {
			isa = PBXResourcesBuildPhase;
			buildActionMask = 2147483647;
			files = (
			);
			runOnlyForDeploymentPostprocessing = 0;
		};
		28DAEB4025999516007E7D6A /* Resources */ = {
			isa = PBXResourcesBuildPhase;
			buildActionMask = 2147483647;
			files = (
			);
			runOnlyForDeploymentPostprocessing = 0;
		};
/* End PBXResourcesBuildPhase section */

/* Begin PBXSourcesBuildPhase section */
		28DAEB1825999515007E7D6A /* Sources */ = {
			isa = PBXSourcesBuildPhase;
			buildActionMask = 2147483647;
			files = (
				28DAEB6E259AD68A007E7D6A /* UISlider_UIProgressView_VC.m in Sources */,
				28DAEB2725999515007E7D6A /* ViewController.m in Sources */,
				28DAEB2125999515007E7D6A /* AppDelegate.m in Sources */,
				28DAEB5925999B4D007E7D6A /* UILabelVC.m in Sources */,
				28DAEB74259AE372007E7D6A /* UIAlertAction_UIActivityIndicatorVC.m in Sources */,
				28DAEB3225999516007E7D6A /* main.m in Sources */,
				28DAEB2425999515007E7D6A /* SceneDelegate.m in Sources */,
				28DAEB5F2599CD6F007E7D6A /* UIPickerViewVC.m in Sources */,
			);
			runOnlyForDeploymentPostprocessing = 0;
		};
		28DAEB3325999516007E7D6A /* Sources */ = {
			isa = PBXSourcesBuildPhase;
			buildActionMask = 2147483647;
			files = (
				28DAEB3C25999516007E7D6A /* UIViewDemoTests.m in Sources */,
			);
			runOnlyForDeploymentPostprocessing = 0;
		};
		28DAEB3E25999516007E7D6A /* Sources */ = {
			isa = PBXSourcesBuildPhase;
			buildActionMask = 2147483647;
			files = (
				28DAEB4725999516007E7D6A /* UIViewDemoUITests.m in Sources */,
			);
			runOnlyForDeploymentPostprocessing = 0;
		};
/* End PBXSourcesBuildPhase section */

/* Begin PBXTargetDependency section */
		28DAEB3925999516007E7D6A /* PBXTargetDependency */ = {
			isa = PBXTargetDependency;
			target = 28DAEB1B25999515007E7D6A /* UIViewDemo */;
			targetProxy = 28DAEB3825999516007E7D6A /* PBXContainerItemProxy */;
		};
		28DAEB4425999516007E7D6A /* PBXTargetDependency */ = {
			isa = PBXTargetDependency;
			target = 28DAEB1B25999515007E7D6A /* UIViewDemo */;
			targetProxy = 28DAEB4325999516007E7D6A /* PBXContainerItemProxy */;
		};
/* End PBXTargetDependency section */

/* Begin PBXVariantGroup section */
		28DAEB2825999515007E7D6A /* Main.storyboard */ = {
			isa = PBXVariantGroup;
			children = (
				28DAEB2925999515007E7D6A /* Base */,
			);
			name = Main.storyboard;
			sourceTree = "<group>";
		};
		28DAEB2D25999516007E7D6A /* LaunchScreen.storyboard */ = {
			isa = PBXVariantGroup;
			children = (
				28DAEB2E25999516007E7D6A /* Base */,
			);
			name = LaunchScreen.storyboard;
			sourceTree = "<group>";
		};
/* End PBXVariantGroup section */

/* Begin XCBuildConfiguration section */
		28DAEB4925999516007E7D6A /* Debug */ = {
			isa = XCBuildConfiguration;
			buildSettings = {
				ALWAYS_SEARCH_USER_PATHS = NO;
				CLANG_ANALYZER_NONNULL = YES;
				CLANG_ANALYZER_NUMBER_OBJECT_CONVERSION = YES_AGGRESSIVE;
				CLANG_CXX_LANGUAGE_STANDARD = "gnu++14";
				CLANG_CXX_LIBRARY = "libc++";
				CLANG_ENABLE_MODULES = YES;
				CLANG_ENABLE_OBJC_ARC = YES;
				CLANG_ENABLE_OBJC_WEAK = YES;
				CLANG_WARN_BLOCK_CAPTURE_AUTORELEASING = YES;
				CLANG_WARN_BOOL_CONVERSION = YES;
				CLANG_WARN_COMMA = YES;
				CLANG_WARN_CONSTANT_CONVERSION = YES;
				CLANG_WARN_DEPRECATED_OBJC_IMPLEMENTATIONS = YES;
				CLANG_WARN_DIRECT_OBJC_ISA_USAGE = YES_ERROR;
				CLANG_WARN_DOCUMENTATION_COMMENTS = YES;
				CLANG_WARN_EMPTY_BODY = YES;
				CLANG_WARN_ENUM_CONVERSION = YES;
				CLANG_WARN_INFINITE_RECURSION = YES;
				CLANG_WARN_INT_CONVERSION = YES;
				CLANG_WARN_NON_LITERAL_NULL_CONVERSION = YES;
				CLANG_WARN_OBJC_IMPLICIT_RETAIN_SELF = YES;
				CLANG_WARN_OBJC_LITERAL_CONVERSION = YES;
				CLANG_WARN_OBJC_ROOT_CLASS = YES_ERROR;
				CLANG_WARN_QUOTED_INCLUDE_IN_FRAMEWORK_HEADER = YES;
				CLANG_WARN_RANGE_LOOP_ANALYSIS = YES;
				CLANG_WARN_STRICT_PROTOTYPES = YES;
				CLANG_WARN_SUSPICIOUS_MOVE = YES;
				CLANG_WARN_UNGUARDED_AVAILABILITY = YES_AGGRESSIVE;
				CLANG_WARN_UNREACHABLE_CODE = YES;
				CLANG_WARN__DUPLICATE_METHOD_MATCH = YES;
				COPY_PHASE_STRIP = NO;
				DEBUG_INFORMATION_FORMAT = dwarf;
				ENABLE_STRICT_OBJC_MSGSEND = YES;
				ENABLE_TESTABILITY = YES;
				GCC_C_LANGUAGE_STANDARD = gnu11;
				GCC_DYNAMIC_NO_PIC = NO;
				GCC_NO_COMMON_BLOCKS = YES;
				GCC_OPTIMIZATION_LEVEL = 0;
				GCC_PREPROCESSOR_DEFINITIONS = (
					"DEBUG=1",
					"$(inherited)",
				);
				GCC_WARN_64_TO_32_BIT_CONVERSION = YES;
				GCC_WARN_ABOUT_RETURN_TYPE = YES_ERROR;
				GCC_WARN_UNDECLARED_SELECTOR = YES;
				GCC_WARN_UNINITIALIZED_AUTOS = YES_AGGRESSIVE;
				GCC_WARN_UNUSED_FUNCTION = YES;
				GCC_WARN_UNUSED_VARIABLE = YES;
				IPHONEOS_DEPLOYMENT_TARGET = 14.3;
				MTL_ENABLE_DEBUG_INFO = INCLUDE_SOURCE;
				MTL_FAST_MATH = YES;
				ONLY_ACTIVE_ARCH = YES;
				SDKROOT = iphoneos;
			};
			name = Debug;
		};
		28DAEB4A25999516007E7D6A /* Release */ = {
			isa = XCBuildConfiguration;
			buildSettings = {
				ALWAYS_SEARCH_USER_PATHS = NO;
				CLANG_ANALYZER_NONNULL = YES;
				CLANG_ANALYZER_NUMBER_OBJECT_CONVERSION = YES_AGGRESSIVE;
				CLANG_CXX_LANGUAGE_STANDARD = "gnu++14";
				CLANG_CXX_LIBRARY = "libc++";
				CLANG_ENABLE_MODULES = YES;
				CLANG_ENABLE_OBJC_ARC = YES;
				CLANG_ENABLE_OBJC_WEAK = YES;
				CLANG_WARN_BLOCK_CAPTURE_AUTORELEASING = YES;
				CLANG_WARN_BOOL_CONVERSION = YES;
				CLANG_WARN_COMMA = YES;
				CLANG_WARN_CONSTANT_CONVERSION = YES;
				CLANG_WARN_DEPRECATED_OBJC_IMPLEMENTATIONS = YES;
				CLANG_WARN_DIRECT_OBJC_ISA_USAGE = YES_ERROR;
				CLANG_WARN_DOCUMENTATION_COMMENTS = YES;
				CLANG_WARN_EMPTY_BODY = YES;
				CLANG_WARN_ENUM_CONVERSION = YES;
				CLANG_WARN_INFINITE_RECURSION = YES;
				CLANG_WARN_INT_CONVERSION = YES;
				CLANG_WARN_NON_LITERAL_NULL_CONVERSION = YES;
				CLANG_WARN_OBJC_IMPLICIT_RETAIN_SELF = YES;
				CLANG_WARN_OBJC_LITERAL_CONVERSION = YES;
				CLANG_WARN_OBJC_ROOT_CLASS = YES_ERROR;
				CLANG_WARN_QUOTED_INCLUDE_IN_FRAMEWORK_HEADER = YES;
				CLANG_WARN_RANGE_LOOP_ANALYSIS = YES;
				CLANG_WARN_STRICT_PROTOTYPES = YES;
				CLANG_WARN_SUSPICIOUS_MOVE = YES;
				CLANG_WARN_UNGUARDED_AVAILABILITY = YES_AGGRESSIVE;
				CLANG_WARN_UNREACHABLE_CODE = YES;
				CLANG_WARN__DUPLICATE_METHOD_MATCH = YES;
				COPY_PHASE_STRIP = NO;
				DEBUG_INFORMATION_FORMAT = "dwarf-with-dsym";
				ENABLE_NS_ASSERTIONS = NO;
				ENABLE_STRICT_OBJC_MSGSEND = YES;
				GCC_C_LANGUAGE_STANDARD = gnu11;
				GCC_NO_COMMON_BLOCKS = YES;
				GCC_WARN_64_TO_32_BIT_CONVERSION = YES;
				GCC_WARN_ABOUT_RETURN_TYPE = YES_ERROR;
				GCC_WARN_UNDECLARED_SELECTOR = YES;
				GCC_WARN_UNINITIALIZED_AUTOS = YES_AGGRESSIVE;
				GCC_WARN_UNUSED_FUNCTION = YES;
				GCC_WARN_UNUSED_VARIABLE = YES;
				IPHONEOS_DEPLOYMENT_TARGET = 14.3;
				MTL_ENABLE_DEBUG_INFO = NO;
				MTL_FAST_MATH = YES;
				SDKROOT = iphoneos;
				VALIDATE_PRODUCT = YES;
			};
			name = Release;
		};
		28DAEB4C25999516007E7D6A /* Debug */ = {
			isa = XCBuildConfiguration;
			buildSettings = {
				ASSETCATALOG_COMPILER_APPICON_NAME = AppIcon;
				ASSETCATALOG_COMPILER_GLOBAL_ACCENT_COLOR_NAME = AccentColor;
				CODE_SIGN_STYLE = Automatic;
				INFOPLIST_FILE = UIViewDemo/Info.plist;
				LD_RUNPATH_SEARCH_PATHS = (
					"$(inherited)",
					"@executable_path/Frameworks",
				);
				PRODUCT_BUNDLE_IDENTIFIER = "com.meituan-JJLiu.UIViewDemo";
				PRODUCT_NAME = "$(TARGET_NAME)";
				TARGETED_DEVICE_FAMILY = "1,2";
			};
			name = Debug;
		};
		28DAEB4D25999516007E7D6A /* Release */ = {
			isa = XCBuildConfiguration;
			buildSettings = {
				ASSETCATALOG_COMPILER_APPICON_NAME = AppIcon;
				ASSETCATALOG_COMPILER_GLOBAL_ACCENT_COLOR_NAME = AccentColor;
				CODE_SIGN_STYLE = Automatic;
				INFOPLIST_FILE = UIViewDemo/Info.plist;
				LD_RUNPATH_SEARCH_PATHS = (
					"$(inherited)",
					"@executable_path/Frameworks",
				);
				PRODUCT_BUNDLE_IDENTIFIER = "com.meituan-JJLiu.UIViewDemo";
				PRODUCT_NAME = "$(TARGET_NAME)";
				TARGETED_DEVICE_FAMILY = "1,2";
			};
			name = Release;
		};
		28DAEB4F25999516007E7D6A /* Debug */ = {
			isa = XCBuildConfiguration;
			buildSettings = {
				BUNDLE_LOADER = "$(TEST_HOST)";
				CODE_SIGN_STYLE = Automatic;
				INFOPLIST_FILE = UIViewDemoTests/Info.plist;
				IPHONEOS_DEPLOYMENT_TARGET = 14.3;
				LD_RUNPATH_SEARCH_PATHS = (
					"$(inherited)",
					"@executable_path/Frameworks",
					"@loader_path/Frameworks",
				);
				PRODUCT_BUNDLE_IDENTIFIER = "com.meituan-JJLiu.UIViewDemoTests";
				PRODUCT_NAME = "$(TARGET_NAME)";
				TARGETED_DEVICE_FAMILY = "1,2";
				TEST_HOST = "$(BUILT_PRODUCTS_DIR)/UIViewDemo.app/UIViewDemo";
			};
			name = Debug;
		};
		28DAEB5025999516007E7D6A /* Release */ = {
			isa = XCBuildConfiguration;
			buildSettings = {
				BUNDLE_LOADER = "$(TEST_HOST)";
				CODE_SIGN_STYLE = Automatic;
				INFOPLIST_FILE = UIViewDemoTests/Info.plist;
				IPHONEOS_DEPLOYMENT_TARGET = 14.3;
				LD_RUNPATH_SEARCH_PATHS = (
					"$(inherited)",
					"@executable_path/Frameworks",
					"@loader_path/Frameworks",
				);
				PRODUCT_BUNDLE_IDENTIFIER = "com.meituan-JJLiu.UIViewDemoTests";
				PRODUCT_NAME = "$(TARGET_NAME)";
				TARGETED_DEVICE_FAMILY = "1,2";
				TEST_HOST = "$(BUILT_PRODUCTS_DIR)/UIViewDemo.app/UIViewDemo";
			};
			name = Release;
		};
		28DAEB5225999516007E7D6A /* Debug */ = {
			isa = XCBuildConfiguration;
			buildSettings = {
				CODE_SIGN_STYLE = Automatic;
				INFOPLIST_FILE = UIViewDemoUITests/Info.plist;
				LD_RUNPATH_SEARCH_PATHS = (
					"$(inherited)",
					"@executable_path/Frameworks",
					"@loader_path/Frameworks",
				);
				PRODUCT_BUNDLE_IDENTIFIER = "com.meituan-JJLiu.UIViewDemoUITests";
				PRODUCT_NAME = "$(TARGET_NAME)";
				TARGETED_DEVICE_FAMILY = "1,2";
				TEST_TARGET_NAME = UIViewDemo;
			};
			name = Debug;
		};
		28DAEB5325999516007E7D6A /* Release */ = {
			isa = XCBuildConfiguration;
			buildSettings = {
				CODE_SIGN_STYLE = Automatic;
				INFOPLIST_FILE = UIViewDemoUITests/Info.plist;
				LD_RUNPATH_SEARCH_PATHS = (
					"$(inherited)",
					"@executable_path/Frameworks",
					"@loader_path/Frameworks",
				);
				PRODUCT_BUNDLE_IDENTIFIER = "com.meituan-JJLiu.UIViewDemoUITests";
				PRODUCT_NAME = "$(TARGET_NAME)";
				TARGETED_DEVICE_FAMILY = "1,2";
				TEST_TARGET_NAME = UIViewDemo;
			};
			name = Release;
		};
/* End XCBuildConfiguration section */

/* Begin XCConfigurationList section */
		28DAEB1725999515007E7D6A /* Build configuration list for PBXProject "UIViewDemo" */ = {
			isa = XCConfigurationList;
			buildConfigurations = (
				28DAEB4925999516007E7D6A /* Debug */,
				28DAEB4A25999516007E7D6A /* Release */,
			);
			defaultConfigurationIsVisible = 0;
			defaultConfigurationName = Release;
		};
		28DAEB4B25999516007E7D6A /* Build configuration list for PBXNativeTarget "UIViewDemo" */ = {
			isa = XCConfigurationList;
			buildConfigurations = (
				28DAEB4C25999516007E7D6A /* Debug */,
				28DAEB4D25999516007E7D6A /* Release */,
			);
			defaultConfigurationIsVisible = 0;
			defaultConfigurationName = Release;
		};
		28DAEB4E25999516007E7D6A /* Build configuration list for PBXNativeTarget "UIViewDemoTests" */ = {
			isa = XCConfigurationList;
			buildConfigurations = (
				28DAEB4F25999516007E7D6A /* Debug */,
				28DAEB5025999516007E7D6A /* Release */,
			);
			defaultConfigurationIsVisible = 0;
			defaultConfigurationName = Release;
		};
		28DAEB5125999516007E7D6A /* Build configuration list for PBXNativeTarget "UIViewDemoUITests" */ = {
			isa = XCConfigurationList;
			buildConfigurations = (
				28DAEB5225999516007E7D6A /* Debug */,
				28DAEB5325999516007E7D6A /* Release */,
			);
			defaultConfigurationIsVisible = 0;
			defaultConfigurationName = Release;
		};
/* End XCConfigurationList section */
	};
	rootObject = 28DAEB1425999515007E7D6A /* Project object */;
}
